// !$*UTF8*$!
{
	archiveVersion = 1;
	classes = {
	};
	objectVersion = 55;
	objects = {

/* Begin PBXBuildFile section */
		602EE2D028B67E0500BF9FF8 /* GFEmptyStateView.swift in Sources */ = {isa = PBXBuildFile; fileRef = 602EE2CF28B67E0500BF9FF8 /* GFEmptyStateView.swift */; };
		602EE2D228B6848A00BF9FF8 /* UserInfoVC.swift in Sources */ = {isa = PBXBuildFile; fileRef = 602EE2D128B6848900BF9FF8 /* UserInfoVC.swift */; };
		602EE2D428B6949100BF9FF8 /* GFUserInfoHeaderVC.swift in Sources */ = {isa = PBXBuildFile; fileRef = 602EE2D328B6949100BF9FF8 /* GFUserInfoHeaderVC.swift */; };
		602EE2D628B694F700BF9FF8 /* GFSecondaryTitleLabel.swift in Sources */ = {isa = PBXBuildFile; fileRef = 602EE2D528B694F700BF9FF8 /* GFSecondaryTitleLabel.swift */; };
		602EE2D828B69AEE00BF9FF8 /* Constants.swift in Sources */ = {isa = PBXBuildFile; fileRef = 602EE2D728B69AEE00BF9FF8 /* Constants.swift */; };
		6035F7AE28918AF100517384 /* AppDelegate.swift in Sources */ = {isa = PBXBuildFile; fileRef = 6035F7AD28918AF100517384 /* AppDelegate.swift */; };
		6035F7B028918AF100517384 /* SceneDelegate.swift in Sources */ = {isa = PBXBuildFile; fileRef = 6035F7AF28918AF100517384 /* SceneDelegate.swift */; };
		6035F7B728918AF800517384 /* Assets.xcassets in Resources */ = {isa = PBXBuildFile; fileRef = 6035F7B628918AF800517384 /* Assets.xcassets */; };
		6035F7BA28918AF800517384 /* LaunchScreen.storyboard in Resources */ = {isa = PBXBuildFile; fileRef = 6035F7B828918AF800517384 /* LaunchScreen.storyboard */; };
		6035F7C22891916900517384 /* SearchVC.swift in Sources */ = {isa = PBXBuildFile; fileRef = 6035F7C12891916900517384 /* SearchVC.swift */; };
		6035F7C42891919800517384 /* FavoritesListVC.swift in Sources */ = {isa = PBXBuildFile; fileRef = 6035F7C32891919800517384 /* FavoritesListVC.swift */; };
		6035F7C6289199A600517384 /* GFButton.swift in Sources */ = {isa = PBXBuildFile; fileRef = 6035F7C5289199A600517384 /* GFButton.swift */; };
		6035F7C82892F50200517384 /* GFTextField.swift in Sources */ = {isa = PBXBuildFile; fileRef = 6035F7C72892F50200517384 /* GFTextField.swift */; };
		6035F7CA2892FE0F00517384 /* FollowerListVC.swift in Sources */ = {isa = PBXBuildFile; fileRef = 6035F7C92892FE0F00517384 /* FollowerListVC.swift */; };
		6035F7CC28930D8C00517384 /* GFTitleLabel.swift in Sources */ = {isa = PBXBuildFile; fileRef = 6035F7CB28930D8B00517384 /* GFTitleLabel.swift */; };
		6035F7CE28930EDE00517384 /* GFBodyLabel.swift in Sources */ = {isa = PBXBuildFile; fileRef = 6035F7CD28930EDE00517384 /* GFBodyLabel.swift */; };
		6035F7D028930F9C00517384 /* GFAlertVC.swift in Sources */ = {isa = PBXBuildFile; fileRef = 6035F7CF28930F9C00517384 /* GFAlertVC.swift */; };
		6035F7D22894588200517384 /* UIViewController+Ext.swift in Sources */ = {isa = PBXBuildFile; fileRef = 6035F7D12894588200517384 /* UIViewController+Ext.swift */; };
		60CE3DF328ABD71D00F09CFA /* Follower.swift in Sources */ = {isa = PBXBuildFile; fileRef = 60CE3DF228ABD71D00F09CFA /* Follower.swift */; };
		60CE3DF528ABD7DD00F09CFA /* User.swift in Sources */ = {isa = PBXBuildFile; fileRef = 60CE3DF428ABD7DD00F09CFA /* User.swift */; };
		60CE3DF828ABDC5200F09CFA /* NetworkManager.swift in Sources */ = {isa = PBXBuildFile; fileRef = 60CE3DF728ABDC5200F09CFA /* NetworkManager.swift */; };
		60CE3DFB28ABE40200F09CFA /* ErrorMessage.swift in Sources */ = {isa = PBXBuildFile; fileRef = 60CE3DFA28ABE40200F09CFA /* ErrorMessage.swift */; };
		60CE3DFE28ABF12100F09CFA /* FollowerCell.swift in Sources */ = {isa = PBXBuildFile; fileRef = 60CE3DFD28ABF12100F09CFA /* FollowerCell.swift */; };
		60CE3E0028ABF19600F09CFA /* GFAvatarImageView.swift in Sources */ = {isa = PBXBuildFile; fileRef = 60CE3DFF28ABF19600F09CFA /* GFAvatarImageView.swift */; };
		60CE3E0328AC171500F09CFA /* UIHelper.swift in Sources */ = {isa = PBXBuildFile; fileRef = 60CE3E0228AC171500F09CFA /* UIHelper.swift */; };
		60F47DB928BD2FAB009F1F4A /* GFItemInfoView.swift in Sources */ = {isa = PBXBuildFile; fileRef = 60F47DB828BD2FAB009F1F4A /* GFItemInfoView.swift */; };
		60F47DBB28BD3429009F1F4A /* GFItemInfoVC.swift in Sources */ = {isa = PBXBuildFile; fileRef = 60F47DBA28BD3429009F1F4A /* GFItemInfoVC.swift */; };
		60F47DBD28BD386A009F1F4A /* GFRepoItemVC.swift in Sources */ = {isa = PBXBuildFile; fileRef = 60F47DBC28BD386A009F1F4A /* GFRepoItemVC.swift */; };
		60F47DBF28BD39FD009F1F4A /* GFFollowerItemVC.swift in Sources */ = {isa = PBXBuildFile; fileRef = 60F47DBE28BD39FD009F1F4A /* GFFollowerItemVC.swift */; };
/* End PBXBuildFile section */

/* Begin PBXFileReference section */
		602EE2CF28B67E0500BF9FF8 /* GFEmptyStateView.swift */ = {isa = PBXFileReference; lastKnownFileType = sourcecode.swift; path = GFEmptyStateView.swift; sourceTree = "<group>"; };
		602EE2D128B6848900BF9FF8 /* UserInfoVC.swift */ = {isa = PBXFileReference; lastKnownFileType = sourcecode.swift; path = UserInfoVC.swift; sourceTree = "<group>"; };
		602EE2D328B6949100BF9FF8 /* GFUserInfoHeaderVC.swift */ = {isa = PBXFileReference; lastKnownFileType = sourcecode.swift; path = GFUserInfoHeaderVC.swift; sourceTree = "<group>"; };
		602EE2D528B694F700BF9FF8 /* GFSecondaryTitleLabel.swift */ = {isa = PBXFileReference; lastKnownFileType = sourcecode.swift; path = GFSecondaryTitleLabel.swift; sourceTree = "<group>"; };
		602EE2D728B69AEE00BF9FF8 /* Constants.swift */ = {isa = PBXFileReference; lastKnownFileType = sourcecode.swift; path = Constants.swift; sourceTree = "<group>"; };
		6035F7AA28918AF100517384 /* FirstUIKitProgrammaticApp.app */ = {isa = PBXFileReference; explicitFileType = wrapper.application; includeInIndex = 0; path = FirstUIKitProgrammaticApp.app; sourceTree = BUILT_PRODUCTS_DIR; };
		6035F7AD28918AF100517384 /* AppDelegate.swift */ = {isa = PBXFileReference; lastKnownFileType = sourcecode.swift; path = AppDelegate.swift; sourceTree = "<group>"; };
		6035F7AF28918AF100517384 /* SceneDelegate.swift */ = {isa = PBXFileReference; lastKnownFileType = sourcecode.swift; path = SceneDelegate.swift; sourceTree = "<group>"; };
		6035F7B628918AF800517384 /* Assets.xcassets */ = {isa = PBXFileReference; lastKnownFileType = folder.assetcatalog; path = Assets.xcassets; sourceTree = "<group>"; };
		6035F7B928918AF800517384 /* Base */ = {isa = PBXFileReference; lastKnownFileType = file.storyboard; name = Base; path = Base.lproj/LaunchScreen.storyboard; sourceTree = "<group>"; };
		6035F7BB28918AF800517384 /* Info.plist */ = {isa = PBXFileReference; lastKnownFileType = text.plist.xml; path = Info.plist; sourceTree = "<group>"; };
		6035F7C12891916900517384 /* SearchVC.swift */ = {isa = PBXFileReference; lastKnownFileType = sourcecode.swift; path = SearchVC.swift; sourceTree = "<group>"; };
		6035F7C32891919800517384 /* FavoritesListVC.swift */ = {isa = PBXFileReference; lastKnownFileType = sourcecode.swift; path = FavoritesListVC.swift; sourceTree = "<group>"; };
		6035F7C5289199A600517384 /* GFButton.swift */ = {isa = PBXFileReference; lastKnownFileType = sourcecode.swift; path = GFButton.swift; sourceTree = "<group>"; };
		6035F7C72892F50200517384 /* GFTextField.swift */ = {isa = PBXFileReference; lastKnownFileType = sourcecode.swift; path = GFTextField.swift; sourceTree = "<group>"; };
		6035F7C92892FE0F00517384 /* FollowerListVC.swift */ = {isa = PBXFileReference; lastKnownFileType = sourcecode.swift; path = FollowerListVC.swift; sourceTree = "<group>"; };
		6035F7CB28930D8B00517384 /* GFTitleLabel.swift */ = {isa = PBXFileReference; lastKnownFileType = sourcecode.swift; path = GFTitleLabel.swift; sourceTree = "<group>"; };
		6035F7CD28930EDE00517384 /* GFBodyLabel.swift */ = {isa = PBXFileReference; lastKnownFileType = sourcecode.swift; path = GFBodyLabel.swift; sourceTree = "<group>"; };
		6035F7CF28930F9C00517384 /* GFAlertVC.swift */ = {isa = PBXFileReference; lastKnownFileType = sourcecode.swift; path = GFAlertVC.swift; sourceTree = "<group>"; };
		6035F7D12894588200517384 /* UIViewController+Ext.swift */ = {isa = PBXFileReference; lastKnownFileType = sourcecode.swift; path = "UIViewController+Ext.swift"; sourceTree = "<group>"; };
		60CE3DF228ABD71D00F09CFA /* Follower.swift */ = {isa = PBXFileReference; lastKnownFileType = sourcecode.swift; path = Follower.swift; sourceTree = "<group>"; };
		60CE3DF428ABD7DD00F09CFA /* User.swift */ = {isa = PBXFileReference; lastKnownFileType = sourcecode.swift; path = User.swift; sourceTree = "<group>"; };
		60CE3DF728ABDC5200F09CFA /* NetworkManager.swift */ = {isa = PBXFileReference; lastKnownFileType = sourcecode.swift; path = NetworkManager.swift; sourceTree = "<group>"; };
		60CE3DFA28ABE40200F09CFA /* ErrorMessage.swift */ = {isa = PBXFileReference; lastKnownFileType = sourcecode.swift; path = ErrorMessage.swift; sourceTree = "<group>"; };
		60CE3DFD28ABF12100F09CFA /* FollowerCell.swift */ = {isa = PBXFileReference; lastKnownFileType = sourcecode.swift; path = FollowerCell.swift; sourceTree = "<group>"; };
		60CE3DFF28ABF19600F09CFA /* GFAvatarImageView.swift */ = {isa = PBXFileReference; lastKnownFileType = sourcecode.swift; path = GFAvatarImageView.swift; sourceTree = "<group>"; };
		60CE3E0228AC171500F09CFA /* UIHelper.swift */ = {isa = PBXFileReference; lastKnownFileType = sourcecode.swift; path = UIHelper.swift; sourceTree = "<group>"; };
		60F47DB828BD2FAB009F1F4A /* GFItemInfoView.swift */ = {isa = PBXFileReference; lastKnownFileType = sourcecode.swift; path = GFItemInfoView.swift; sourceTree = "<group>"; };
		60F47DBA28BD3429009F1F4A /* GFItemInfoVC.swift */ = {isa = PBXFileReference; lastKnownFileType = sourcecode.swift; path = GFItemInfoVC.swift; sourceTree = "<group>"; };
		60F47DBC28BD386A009F1F4A /* GFRepoItemVC.swift */ = {isa = PBXFileReference; lastKnownFileType = sourcecode.swift; path = GFRepoItemVC.swift; sourceTree = "<group>"; };
		60F47DBE28BD39FD009F1F4A /* GFFollowerItemVC.swift */ = {isa = PBXFileReference; lastKnownFileType = sourcecode.swift; path = GFFollowerItemVC.swift; sourceTree = "<group>"; };
/* End PBXFileReference section */

/* Begin PBXFrameworksBuildPhase section */
		6035F7A728918AF100517384 /* Frameworks */ = {
			isa = PBXFrameworksBuildPhase;
			buildActionMask = 2147483647;
			files = (
			);
			runOnlyForDeploymentPostprocessing = 0;
		};
/* End PBXFrameworksBuildPhase section */

/* Begin PBXGroup section */
		6035F7A128918AF100517384 = {
			isa = PBXGroup;
			children = (
				6035F7AC28918AF100517384 /* FirstUIKitProgrammaticApp */,
				6035F7AB28918AF100517384 /* Products */,
			);
			sourceTree = "<group>";
		};
		6035F7AB28918AF100517384 /* Products */ = {
			isa = PBXGroup;
			children = (
				6035F7AA28918AF100517384 /* FirstUIKitProgrammaticApp.app */,
			);
			name = Products;
			sourceTree = "<group>";
		};
		6035F7AC28918AF100517384 /* FirstUIKitProgrammaticApp */ = {
			isa = PBXGroup;
			children = (
				60CE3DF928ABE3EF00F09CFA /* Utilities */,
				60CE3DF628ABDC3C00F09CFA /* Managers */,
				6035F7BB28918AF800517384 /* Info.plist */,
				60CE3DF128ABD70500F09CFA /* Model */,
				6035F7D528945C3500517384 /* Extensions */,
				6035F7D428945C0700517384 /* Custom Views */,
				6035F7D328945BCF00517384 /* Screens */,
				6035F7D628945C9500517384 /* Support */,
			);
			path = FirstUIKitProgrammaticApp;
			sourceTree = "<group>";
		};
		6035F7D328945BCF00517384 /* Screens */ = {
			isa = PBXGroup;
			children = (
				6035F7C32891919800517384 /* FavoritesListVC.swift */,
				6035F7C92892FE0F00517384 /* FollowerListVC.swift */,
				6035F7C12891916900517384 /* SearchVC.swift */,
				602EE2D128B6848900BF9FF8 /* UserInfoVC.swift */,
			);
			path = Screens;
			sourceTree = "<group>";
		};
		6035F7D428945C0700517384 /* Custom Views */ = {
			isa = PBXGroup;
			children = (
				60EEC66428B3F6BC0069953B /* Labels */,
				60EEC66328B3F6AE0069953B /* ViewControllers */,
				60EEC66228B3F6A50069953B /* ImageViews */,
				60EEC66128B3F69C0069953B /* TextFields */,
				60EEC66028B3F6940069953B /* Button */,
				60EEC65F28B3F68D0069953B /* Views */,
				60CE3DFC28ABF0FF00F09CFA /* Cells */,
			);
			path = "Custom Views";
			sourceTree = "<group>";
		};
		6035F7D528945C3500517384 /* Extensions */ = {
			isa = PBXGroup;
			children = (
				6035F7D12894588200517384 /* UIViewController+Ext.swift */,
			);
			path = Extensions;
			sourceTree = "<group>";
		};
		6035F7D628945C9500517384 /* Support */ = {
			isa = PBXGroup;
			children = (
				6035F7AD28918AF100517384 /* AppDelegate.swift */,
				6035F7AF28918AF100517384 /* SceneDelegate.swift */,
				6035F7B628918AF800517384 /* Assets.xcassets */,
				6035F7B828918AF800517384 /* LaunchScreen.storyboard */,
			);
			path = Support;
			sourceTree = "<group>";
		};
		60CE3DF128ABD70500F09CFA /* Model */ = {
			isa = PBXGroup;
			children = (
				60CE3DF228ABD71D00F09CFA /* Follower.swift */,
				60CE3DF428ABD7DD00F09CFA /* User.swift */,
			);
			path = Model;
			sourceTree = "<group>";
		};
		60CE3DF628ABDC3C00F09CFA /* Managers */ = {
			isa = PBXGroup;
			children = (
				60CE3DF728ABDC5200F09CFA /* NetworkManager.swift */,
			);
			path = Managers;
			sourceTree = "<group>";
		};
		60CE3DF928ABE3EF00F09CFA /* Utilities */ = {
			isa = PBXGroup;
			children = (
				60CE3DFA28ABE40200F09CFA /* ErrorMessage.swift */,
				60CE3E0228AC171500F09CFA /* UIHelper.swift */,
				602EE2D728B69AEE00BF9FF8 /* Constants.swift */,
			);
			path = Utilities;
			sourceTree = "<group>";
		};
		60CE3DFC28ABF0FF00F09CFA /* Cells */ = {
			isa = PBXGroup;
			children = (
				60CE3DFD28ABF12100F09CFA /* FollowerCell.swift */,
			);
			path = Cells;
			sourceTree = "<group>";
		};
		60EEC65F28B3F68D0069953B /* Views */ = {
			isa = PBXGroup;
			children = (
				602EE2CF28B67E0500BF9FF8 /* GFEmptyStateView.swift */,
				60F47DB828BD2FAB009F1F4A /* GFItemInfoView.swift */,
			);
			path = Views;
			sourceTree = "<group>";
		};
		60EEC66028B3F6940069953B /* Button */ = {
			isa = PBXGroup;
			children = (
				6035F7C5289199A600517384 /* GFButton.swift */,
			);
			path = Button;
			sourceTree = "<group>";
		};
		60EEC66128B3F69C0069953B /* TextFields */ = {
			isa = PBXGroup;
			children = (
				6035F7C72892F50200517384 /* GFTextField.swift */,
			);
			path = TextFields;
			sourceTree = "<group>";
		};
		60EEC66228B3F6A50069953B /* ImageViews */ = {
			isa = PBXGroup;
			children = (
				60CE3DFF28ABF19600F09CFA /* GFAvatarImageView.swift */,
			);
			path = ImageViews;
			sourceTree = "<group>";
		};
		60EEC66328B3F6AE0069953B /* ViewControllers */ = {
			isa = PBXGroup;
			children = (
				60F47DC028BD3A46009F1F4A /* ItemInfoVCs */,
				6035F7CF28930F9C00517384 /* GFAlertVC.swift */,
				602EE2D328B6949100BF9FF8 /* GFUserInfoHeaderVC.swift */,
			);
			path = ViewControllers;
			sourceTree = "<group>";
		};
		60EEC66428B3F6BC0069953B /* Labels */ = {
			isa = PBXGroup;
			children = (
				6035F7CD28930EDE00517384 /* GFBodyLabel.swift */,
				6035F7CB28930D8B00517384 /* GFTitleLabel.swift */,
				602EE2D528B694F700BF9FF8 /* GFSecondaryTitleLabel.swift */,
			);
			path = Labels;
			sourceTree = "<group>";
		};
		60F47DC028BD3A46009F1F4A /* ItemInfoVCs */ = {
			isa = PBXGroup;
			children = (
				60F47DBA28BD3429009F1F4A /* GFItemInfoVC.swift */,
				60F47DBC28BD386A009F1F4A /* GFRepoItemVC.swift */,
				60F47DBE28BD39FD009F1F4A /* GFFollowerItemVC.swift */,
			);
			path = ItemInfoVCs;
			sourceTree = "<group>";
		};
/* End PBXGroup section */

/* Begin PBXNativeTarget section */
		6035F7A928918AF100517384 /* FirstUIKitProgrammaticApp */ = {
			isa = PBXNativeTarget;
			buildConfigurationList = 6035F7BE28918AF800517384 /* Build configuration list for PBXNativeTarget "FirstUIKitProgrammaticApp" */;
			buildPhases = (
				6035F7A628918AF100517384 /* Sources */,
				6035F7A728918AF100517384 /* Frameworks */,
				6035F7A828918AF100517384 /* Resources */,
			);
			buildRules = (
			);
			dependencies = (
			);
			name = FirstUIKitProgrammaticApp;
			productName = FirstUIKitProgrammaticApp;
			productReference = 6035F7AA28918AF100517384 /* FirstUIKitProgrammaticApp.app */;
			productType = "com.apple.product-type.application";
		};
/* End PBXNativeTarget section */

/* Begin PBXProject section */
		6035F7A228918AF100517384 /* Project object */ = {
			isa = PBXProject;
			attributes = {
				BuildIndependentTargetsInParallel = 1;
				LastSwiftUpdateCheck = 1340;
				LastUpgradeCheck = 1340;
				TargetAttributes = {
					6035F7A928918AF100517384 = {
						CreatedOnToolsVersion = 13.4;
					};
				};
			};
			buildConfigurationList = 6035F7A528918AF100517384 /* Build configuration list for PBXProject "FirstUIKitProgrammaticApp" */;
			compatibilityVersion = "Xcode 13.0";
			developmentRegion = en;
			hasScannedForEncodings = 0;
			knownRegions = (
				en,
				Base,
			);
			mainGroup = 6035F7A128918AF100517384;
			productRefGroup = 6035F7AB28918AF100517384 /* Products */;
			projectDirPath = "";
			projectRoot = "";
			targets = (
				6035F7A928918AF100517384 /* FirstUIKitProgrammaticApp */,
			);
		};
/* End PBXProject section */

/* Begin PBXResourcesBuildPhase section */
		6035F7A828918AF100517384 /* Resources */ = {
			isa = PBXResourcesBuildPhase;
			buildActionMask = 2147483647;
			files = (
				6035F7BA28918AF800517384 /* LaunchScreen.storyboard in Resources */,
				6035F7B728918AF800517384 /* Assets.xcassets in Resources */,
			);
			runOnlyForDeploymentPostprocessing = 0;
		};
/* End PBXResourcesBuildPhase section */

/* Begin PBXSourcesBuildPhase section */
		6035F7A628918AF100517384 /* Sources */ = {
			isa = PBXSourcesBuildPhase;
			buildActionMask = 2147483647;
			files = (
				60CE3DF528ABD7DD00F09CFA /* User.swift in Sources */,
				6035F7C82892F50200517384 /* GFTextField.swift in Sources */,
				6035F7C42891919800517384 /* FavoritesListVC.swift in Sources */,
				6035F7C6289199A600517384 /* GFButton.swift in Sources */,
				6035F7D22894588200517384 /* UIViewController+Ext.swift in Sources */,
				60CE3E0328AC171500F09CFA /* UIHelper.swift in Sources */,
				60F47DBB28BD3429009F1F4A /* GFItemInfoVC.swift in Sources */,
				602EE2D828B69AEE00BF9FF8 /* Constants.swift in Sources */,
				60CE3E0028ABF19600F09CFA /* GFAvatarImageView.swift in Sources */,
				6035F7C22891916900517384 /* SearchVC.swift in Sources */,
				6035F7D028930F9C00517384 /* GFAlertVC.swift in Sources */,
				60F47DBF28BD39FD009F1F4A /* GFFollowerItemVC.swift in Sources */,
				60F47DB928BD2FAB009F1F4A /* GFItemInfoView.swift in Sources */,
				60CE3DFE28ABF12100F09CFA /* FollowerCell.swift in Sources */,
				60CE3DFB28ABE40200F09CFA /* ErrorMessage.swift in Sources */,
				602EE2D428B6949100BF9FF8 /* GFUserInfoHeaderVC.swift in Sources */,
				6035F7CE28930EDE00517384 /* GFBodyLabel.swift in Sources */,
				60CE3DF328ABD71D00F09CFA /* Follower.swift in Sources */,
				6035F7CC28930D8C00517384 /* GFTitleLabel.swift in Sources */,
				602EE2D628B694F700BF9FF8 /* GFSecondaryTitleLabel.swift in Sources */,
				602EE2D028B67E0500BF9FF8 /* GFEmptyStateView.swift in Sources */,
				60CE3DF828ABDC5200F09CFA /* NetworkManager.swift in Sources */,
				6035F7CA2892FE0F00517384 /* FollowerListVC.swift in Sources */,
				6035F7AE28918AF100517384 /* AppDelegate.swift in Sources */,
				6035F7B028918AF100517384 /* SceneDelegate.swift in Sources */,
				60F47DBD28BD386A009F1F4A /* GFRepoItemVC.swift in Sources */,
				602EE2D228B6848A00BF9FF8 /* UserInfoVC.swift in Sources */,
			);
			runOnlyForDeploymentPostprocessing = 0;
		};
/* End PBXSourcesBuildPhase section */

/* Begin PBXVariantGroup section */
		6035F7B828918AF800517384 /* LaunchScreen.storyboard */ = {
			isa = PBXVariantGroup;
			children = (
				6035F7B928918AF800517384 /* Base */,
			);
			name = LaunchScreen.storyboard;
			sourceTree = "<group>";
		};
/* End PBXVariantGroup section */

/* Begin XCBuildConfiguration section */
		6035F7BC28918AF800517384 /* Debug */ = {
			isa = XCBuildConfiguration;
			buildSettings = {
				ALWAYS_SEARCH_USER_PATHS = NO;
				CLANG_ANALYZER_NONNULL = YES;
				CLANG_ANALYZER_NUMBER_OBJECT_CONVERSION = YES_AGGRESSIVE;
				CLANG_CXX_LANGUAGE_STANDARD = "gnu++17";
				CLANG_ENABLE_MODULES = YES;
				CLANG_ENABLE_OBJC_ARC = YES;
				CLANG_ENABLE_OBJC_WEAK = YES;
				CLANG_WARN_BLOCK_CAPTURE_AUTORELEASING = YES;
				CLANG_WARN_BOOL_CONVERSION = YES;
				CLANG_WARN_COMMA = YES;
				CLANG_WARN_CONSTANT_CONVERSION = YES;
				CLANG_WARN_DEPRECATED_OBJC_IMPLEMENTATIONS = YES;
				CLANG_WARN_DIRECT_OBJC_ISA_USAGE = YES_ERROR;
				CLANG_WARN_DOCUMENTATION_COMMENTS = YES;
				CLANG_WARN_EMPTY_BODY = YES;
				CLANG_WARN_ENUM_CONVERSION = YES;
				CLANG_WARN_INFINITE_RECURSION = YES;
				CLANG_WARN_INT_CONVERSION = YES;
				CLANG_WARN_NON_LITERAL_NULL_CONVERSION = YES;
				CLANG_WARN_OBJC_IMPLICIT_RETAIN_SELF = YES;
				CLANG_WARN_OBJC_LITERAL_CONVERSION = YES;
				CLANG_WARN_OBJC_ROOT_CLASS = YES_ERROR;
				CLANG_WARN_QUOTED_INCLUDE_IN_FRAMEWORK_HEADER = YES;
				CLANG_WARN_RANGE_LOOP_ANALYSIS = YES;
				CLANG_WARN_STRICT_PROTOTYPES = YES;
				CLANG_WARN_SUSPICIOUS_MOVE = YES;
				CLANG_WARN_UNGUARDED_AVAILABILITY = YES_AGGRESSIVE;
				CLANG_WARN_UNREACHABLE_CODE = YES;
				CLANG_WARN__DUPLICATE_METHOD_MATCH = YES;
				COPY_PHASE_STRIP = NO;
				DEBUG_INFORMATION_FORMAT = dwarf;
				ENABLE_STRICT_OBJC_MSGSEND = YES;
				ENABLE_TESTABILITY = YES;
				GCC_C_LANGUAGE_STANDARD = gnu11;
				GCC_DYNAMIC_NO_PIC = NO;
				GCC_NO_COMMON_BLOCKS = YES;
				GCC_OPTIMIZATION_LEVEL = 0;
				GCC_PREPROCESSOR_DEFINITIONS = (
					"DEBUG=1",
					"$(inherited)",
				);
				GCC_WARN_64_TO_32_BIT_CONVERSION = YES;
				GCC_WARN_ABOUT_RETURN_TYPE = YES_ERROR;
				GCC_WARN_UNDECLARED_SELECTOR = YES;
				GCC_WARN_UNINITIALIZED_AUTOS = YES_AGGRESSIVE;
				GCC_WARN_UNUSED_FUNCTION = YES;
				GCC_WARN_UNUSED_VARIABLE = YES;
				IPHONEOS_DEPLOYMENT_TARGET = 15.5;
				MTL_ENABLE_DEBUG_INFO = INCLUDE_SOURCE;
				MTL_FAST_MATH = YES;
				ONLY_ACTIVE_ARCH = YES;
				SDKROOT = iphoneos;
				SWIFT_ACTIVE_COMPILATION_CONDITIONS = DEBUG;
				SWIFT_OPTIMIZATION_LEVEL = "-Onone";
			};
			name = Debug;
		};
		6035F7BD28918AF800517384 /* Release */ = {
			isa = XCBuildConfiguration;
			buildSettings = {
				ALWAYS_SEARCH_USER_PATHS = NO;
				CLANG_ANALYZER_NONNULL = YES;
				CLANG_ANALYZER_NUMBER_OBJECT_CONVERSION = YES_AGGRESSIVE;
				CLANG_CXX_LANGUAGE_STANDARD = "gnu++17";
				CLANG_ENABLE_MODULES = YES;
				CLANG_ENABLE_OBJC_ARC = YES;
				CLANG_ENABLE_OBJC_WEAK = YES;
				CLANG_WARN_BLOCK_CAPTURE_AUTORELEASING = YES;
				CLANG_WARN_BOOL_CONVERSION = YES;
				CLANG_WARN_COMMA = YES;
				CLANG_WARN_CONSTANT_CONVERSION = YES;
				CLANG_WARN_DEPRECATED_OBJC_IMPLEMENTATIONS = YES;
				CLANG_WARN_DIRECT_OBJC_ISA_USAGE = YES_ERROR;
				CLANG_WARN_DOCUMENTATION_COMMENTS = YES;
				CLANG_WARN_EMPTY_BODY = YES;
				CLANG_WARN_ENUM_CONVERSION = YES;
				CLANG_WARN_INFINITE_RECURSION = YES;
				CLANG_WARN_INT_CONVERSION = YES;
				CLANG_WARN_NON_LITERAL_NULL_CONVERSION = YES;
				CLANG_WARN_OBJC_IMPLICIT_RETAIN_SELF = YES;
				CLANG_WARN_OBJC_LITERAL_CONVERSION = YES;
				CLANG_WARN_OBJC_ROOT_CLASS = YES_ERROR;
				CLANG_WARN_QUOTED_INCLUDE_IN_FRAMEWORK_HEADER = YES;
				CLANG_WARN_RANGE_LOOP_ANALYSIS = YES;
				CLANG_WARN_STRICT_PROTOTYPES = YES;
				CLANG_WARN_SUSPICIOUS_MOVE = YES;
				CLANG_WARN_UNGUARDED_AVAILABILITY = YES_AGGRESSIVE;
				CLANG_WARN_UNREACHABLE_CODE = YES;
				CLANG_WARN__DUPLICATE_METHOD_MATCH = YES;
				COPY_PHASE_STRIP = NO;
				DEBUG_INFORMATION_FORMAT = "dwarf-with-dsym";
				ENABLE_NS_ASSERTIONS = NO;
				ENABLE_STRICT_OBJC_MSGSEND = YES;
				GCC_C_LANGUAGE_STANDARD = gnu11;
				GCC_NO_COMMON_BLOCKS = YES;
				GCC_WARN_64_TO_32_BIT_CONVERSION = YES;
				GCC_WARN_ABOUT_RETURN_TYPE = YES_ERROR;
				GCC_WARN_UNDECLARED_SELECTOR = YES;
				GCC_WARN_UNINITIALIZED_AUTOS = YES_AGGRESSIVE;
				GCC_WARN_UNUSED_FUNCTION = YES;
				GCC_WARN_UNUSED_VARIABLE = YES;
				IPHONEOS_DEPLOYMENT_TARGET = 15.5;
				MTL_ENABLE_DEBUG_INFO = NO;
				MTL_FAST_MATH = YES;
				SDKROOT = iphoneos;
				SWIFT_COMPILATION_MODE = wholemodule;
				SWIFT_OPTIMIZATION_LEVEL = "-O";
				VALIDATE_PRODUCT = YES;
			};
			name = Release;
		};
		6035F7BF28918AF800517384 /* Debug */ = {
			isa = XCBuildConfiguration;
			buildSettings = {
				ASSETCATALOG_COMPILER_APPICON_NAME = AppIcon;
				ASSETCATALOG_COMPILER_GLOBAL_ACCENT_COLOR_NAME = AccentColor;
				CODE_SIGN_STYLE = Automatic;
				CURRENT_PROJECT_VERSION = 1;
				GENERATE_INFOPLIST_FILE = YES;
				INFOPLIST_FILE = FirstUIKitProgrammaticApp/Info.plist;
				INFOPLIST_KEY_UIApplicationSupportsIndirectInputEvents = YES;
				INFOPLIST_KEY_UILaunchStoryboardName = LaunchScreen;
				INFOPLIST_KEY_UISupportedInterfaceOrientations = UIInterfaceOrientationPortrait;
				INFOPLIST_KEY_UISupportedInterfaceOrientations_iPad = "UIInterfaceOrientationPortrait UIInterfaceOrientationPortraitUpsideDown UIInterfaceOrientationLandscapeLeft UIInterfaceOrientationLandscapeRight";
				INFOPLIST_KEY_UISupportedInterfaceOrientations_iPhone = "UIInterfaceOrientationPortrait UIInterfaceOrientationLandscapeLeft UIInterfaceOrientationLandscapeRight";
				LD_RUNPATH_SEARCH_PATHS = (
					"$(inherited)",
					"@executable_path/Frameworks",
				);
				MARKETING_VERSION = 1.0;
				PRODUCT_BUNDLE_IDENTIFIER = SebastianHajduk.FirstUIKitProgrammaticApp;
				PRODUCT_NAME = "$(TARGET_NAME)";
				SWIFT_EMIT_LOC_STRINGS = YES;
				SWIFT_VERSION = 5.0;
				TARGETED_DEVICE_FAMILY = "1,2";
			};
			name = Debug;
		};
		6035F7C028918AF800517384 /* Release */ = {
			isa = XCBuildConfiguration;
			buildSettings = {
				ASSETCATALOG_COMPILER_APPICON_NAME = AppIcon;
				ASSETCATALOG_COMPILER_GLOBAL_ACCENT_COLOR_NAME = AccentColor;
				CODE_SIGN_STYLE = Automatic;
				CURRENT_PROJECT_VERSION = 1;
				GENERATE_INFOPLIST_FILE = YES;
				INFOPLIST_FILE = FirstUIKitProgrammaticApp/Info.plist;
				INFOPLIST_KEY_UIApplicationSupportsIndirectInputEvents = YES;
				INFOPLIST_KEY_UILaunchStoryboardName = LaunchScreen;
				INFOPLIST_KEY_UISupportedInterfaceOrientations = UIInterfaceOrientationPortrait;
				INFOPLIST_KEY_UISupportedInterfaceOrientations_iPad = "UIInterfaceOrientationPortrait UIInterfaceOrientationPortraitUpsideDown UIInterfaceOrientationLandscapeLeft UIInterfaceOrientationLandscapeRight";
				INFOPLIST_KEY_UISupportedInterfaceOrientations_iPhone = "UIInterfaceOrientationPortrait UIInterfaceOrientationLandscapeLeft UIInterfaceOrientationLandscapeRight";
				LD_RUNPATH_SEARCH_PATHS = (
					"$(inherited)",
					"@executable_path/Frameworks",
				);
				MARKETING_VERSION = 1.0;
				PRODUCT_BUNDLE_IDENTIFIER = SebastianHajduk.FirstUIKitProgrammaticApp;
				PRODUCT_NAME = "$(TARGET_NAME)";
				SWIFT_EMIT_LOC_STRINGS = YES;
				SWIFT_VERSION = 5.0;
				TARGETED_DEVICE_FAMILY = "1,2";
			};
			name = Release;
		};
/* End XCBuildConfiguration section */

/* Begin XCConfigurationList section */
		6035F7A528918AF100517384 /* Build configuration list for PBXProject "FirstUIKitProgrammaticApp" */ = {
			isa = XCConfigurationList;
			buildConfigurations = (
				6035F7BC28918AF800517384 /* Debug */,
				6035F7BD28918AF800517384 /* Release */,
			);
			defaultConfigurationIsVisible = 0;
			defaultConfigurationName = Release;
		};
		6035F7BE28918AF800517384 /* Build configuration list for PBXNativeTarget "FirstUIKitProgrammaticApp" */ = {
			isa = XCConfigurationList;
			buildConfigurations = (
				6035F7BF28918AF800517384 /* Debug */,
				6035F7C028918AF800517384 /* Release */,
			);
			defaultConfigurationIsVisible = 0;
			defaultConfigurationName = Release;
		};
/* End XCConfigurationList section */
	};
	rootObject = 6035F7A228918AF100517384 /* Project object */;
}
